
Microsoft Visual Studio Solution File, Format Version 12.00
# Visual Studio 15
Project("{FAE04EC0-301F-11D3-BF4B-00C04F79EFBC}") = "Assembly-CSharp", "Assembly-CSharp.csproj", "{BC757DFC-FF49-6717-06B8-3F1BA0D7479D}"
EndProject
Global
	GlobalSection(SolutionConfigurationPlatforms) = preSolution
		Debug|Any CPU = Debug|Any CPU
		Release|Any CPU = Release|Any CPU
	EndGlobalSection
	GlobalSection(ProjectConfigurationPlatforms) = postSolution
		{BC757DFC-FF49-6717-06B8-3F1BA0D7479D}.Debug|Any CPU.ActiveCfg = Debug|Any CPU
		{BC757DFC-FF49-6717-06B8-3F1BA0D7479D}.Debug|Any CPU.Build.0 = Debug|Any CPU
		{BC757DFC-FF49-6717-06B8-3F1BA0D7479D}.Release|Any CPU.ActiveCfg = Release|Any CPU
		{BC757DFC-FF49-6717-06B8-3F1BA0D7479D}.Release|Any CPU.Build.0 = Release|Any CPU
	EndGlobalSection
	GlobalSection(SolutionProperties) = preSolution
		HideSolutionNode = FALSE
	EndGlobalSection
EndGlobal
